// !$*UTF8*$!
{
	archiveVersion = 1;
	classes = {
	};
	objectVersion = 50;
	objects = {

/* Begin PBXBuildFile section */
		FF64A122231947EA000CD472 /* AllKanjiListCoordinator.swift in Sources */ = {isa = PBXBuildFile; fileRef = FF64A121231947EA000CD472 /* AllKanjiListCoordinator.swift */; };
		FF64A12423194C24000CD472 /* KanjiDetailCoordinator.swift in Sources */ = {isa = PBXBuildFile; fileRef = FF64A12323194C24000CD472 /* KanjiDetailCoordinator.swift */; };
		FFE1474E2319161D00674234 /* AppDelegate.swift in Sources */ = {isa = PBXBuildFile; fileRef = FFE1474D2319161D00674234 /* AppDelegate.swift */; };
		FFE147502319161D00674234 /* ViewController.swift in Sources */ = {isa = PBXBuildFile; fileRef = FFE1474F2319161D00674234 /* ViewController.swift */; };
		FFE147552319162000674234 /* Assets.xcassets in Resources */ = {isa = PBXBuildFile; fileRef = FFE147542319162000674234 /* Assets.xcassets */; };
		FFE147582319162000674234 /* LaunchScreen.storyboard in Resources */ = {isa = PBXBuildFile; fileRef = FFE147562319162000674234 /* LaunchScreen.storyboard */; };
		FFEA07CB2319369B00CDED76 /* Kanji.swift in Sources */ = {isa = PBXBuildFile; fileRef = FFEA07CA2319369B00CDED76 /* Kanji.swift */; };
		FFEA07CD231936B300CDED76 /* KanjiStorage.swift in Sources */ = {isa = PBXBuildFile; fileRef = FFEA07CC231936B300CDED76 /* KanjiStorage.swift */; };
		FFEA07CF23193A8000CDED76 /* knji.json in Resources */ = {isa = PBXBuildFile; fileRef = FFEA07CE23193A8000CDED76 /* knji.json */; };
		FFEA07E123193B5300CDED76 /* WordExampleTableViewCell.swift in Sources */ = {isa = PBXBuildFile; fileRef = FFEA07DD23193B5300CDED76 /* WordExampleTableViewCell.swift */; };
		FFEA07E223193B5300CDED76 /* KanjiDataTableViewCell.swift in Sources */ = {isa = PBXBuildFile; fileRef = FFEA07DE23193B5300CDED76 /* KanjiDataTableViewCell.swift */; };
		FFEA07E323193B5300CDED76 /* WordExampleTableViewCell.xib in Resources */ = {isa = PBXBuildFile; fileRef = FFEA07DF23193B5300CDED76 /* WordExampleTableViewCell.xib */; };
		FFEA07E423193B5300CDED76 /* KanjiDataTableViewCell.xib in Resources */ = {isa = PBXBuildFile; fileRef = FFEA07E023193B5300CDED76 /* KanjiDataTableViewCell.xib */; };
		FFEA07E623193B7B00CDED76 /* KanjiDetailViewController.swift in Sources */ = {isa = PBXBuildFile; fileRef = FFEA07E523193B7B00CDED76 /* KanjiDetailViewController.swift */; };
		FFEA07E923193BA200CDED76 /* KanjiListViewController.swift in Sources */ = {isa = PBXBuildFile; fileRef = FFEA07E823193BA200CDED76 /* KanjiListViewController.swift */; };
		FFEA07EB231944B500CDED76 /* Coordinator.swift in Sources */ = {isa = PBXBuildFile; fileRef = FFEA07EA231944B500CDED76 /* Coordinator.swift */; };
		FFEA07EE2319451500CDED76 /* KanjiDetailViewController.xib in Resources */ = {isa = PBXBuildFile; fileRef = FFEA07ED2319451500CDED76 /* KanjiDetailViewController.xib */; };
		FFEA07F02319451E00CDED76 /* KanjiListViewController.xib in Resources */ = {isa = PBXBuildFile; fileRef = FFEA07EF2319451E00CDED76 /* KanjiListViewController.xib */; };
		FFEA07F22319454300CDED76 /* ApplicationCoordinator.swift in Sources */ = {isa = PBXBuildFile; fileRef = FFEA07F12319454300CDED76 /* ApplicationCoordinator.swift */; };
/* End PBXBuildFile section */

/* Begin PBXFileReference section */
		FF64A121231947EA000CD472 /* AllKanjiListCoordinator.swift */ = {isa = PBXFileReference; lastKnownFileType = sourcecode.swift; path = AllKanjiListCoordinator.swift; sourceTree = "<group>"; };
		FF64A12323194C24000CD472 /* KanjiDetailCoordinator.swift */ = {isa = PBXFileReference; lastKnownFileType = sourcecode.swift; path = KanjiDetailCoordinator.swift; sourceTree = "<group>"; };
		FFE1474A2319161D00674234 /* KanjiApp.app */ = {isa = PBXFileReference; explicitFileType = wrapper.application; includeInIndex = 0; path = KanjiApp.app; sourceTree = BUILT_PRODUCTS_DIR; };
		FFE1474D2319161D00674234 /* AppDelegate.swift */ = {isa = PBXFileReference; lastKnownFileType = sourcecode.swift; path = AppDelegate.swift; sourceTree = "<group>"; };
		FFE1474F2319161D00674234 /* ViewController.swift */ = {isa = PBXFileReference; lastKnownFileType = sourcecode.swift; path = ViewController.swift; sourceTree = "<group>"; };
		FFE147542319162000674234 /* Assets.xcassets */ = {isa = PBXFileReference; lastKnownFileType = folder.assetcatalog; path = Assets.xcassets; sourceTree = "<group>"; };
		FFE147572319162000674234 /* Base */ = {isa = PBXFileReference; lastKnownFileType = file.storyboard; name = Base; path = Base.lproj/LaunchScreen.storyboard; sourceTree = "<group>"; };
		FFE147592319162000674234 /* Info.plist */ = {isa = PBXFileReference; lastKnownFileType = text.plist.xml; path = Info.plist; sourceTree = "<group>"; };
		FFEA07CA2319369B00CDED76 /* Kanji.swift */ = {isa = PBXFileReference; lastKnownFileType = sourcecode.swift; path = Kanji.swift; sourceTree = "<group>"; };
		FFEA07CC231936B300CDED76 /* KanjiStorage.swift */ = {isa = PBXFileReference; lastKnownFileType = sourcecode.swift; path = KanjiStorage.swift; sourceTree = "<group>"; };
		FFEA07CE23193A8000CDED76 /* knji.json */ = {isa = PBXFileReference; fileEncoding = 4; lastKnownFileType = text.json; path = knji.json; sourceTree = "<group>"; };
		FFEA07DD23193B5300CDED76 /* WordExampleTableViewCell.swift */ = {isa = PBXFileReference; fileEncoding = 4; lastKnownFileType = sourcecode.swift; name = WordExampleTableViewCell.swift; path = "../../../../../../Downloads/KanjiList-Materials/KanjiList-Starter/KanjiList/Screens/KanjiDetails/Views/WordExampleTableViewCell.swift"; sourceTree = "<group>"; };
		FFEA07DE23193B5300CDED76 /* KanjiDataTableViewCell.swift */ = {isa = PBXFileReference; fileEncoding = 4; lastKnownFileType = sourcecode.swift; name = KanjiDataTableViewCell.swift; path = "../../../../../../Downloads/KanjiList-Materials/KanjiList-Starter/KanjiList/Screens/KanjiDetails/Views/KanjiDataTableViewCell.swift"; sourceTree = "<group>"; };
		FFEA07DF23193B5300CDED76 /* WordExampleTableViewCell.xib */ = {isa = PBXFileReference; fileEncoding = 4; lastKnownFileType = file.xib; name = WordExampleTableViewCell.xib; path = "../../../../../../Downloads/KanjiList-Materials/KanjiList-Starter/KanjiList/Screens/KanjiDetails/Views/WordExampleTableViewCell.xib"; sourceTree = "<group>"; };
		FFEA07E023193B5300CDED76 /* KanjiDataTableViewCell.xib */ = {isa = PBXFileReference; fileEncoding = 4; lastKnownFileType = file.xib; name = KanjiDataTableViewCell.xib; path = "../../../../../../Downloads/KanjiList-Materials/KanjiList-Starter/KanjiList/Screens/KanjiDetails/Views/KanjiDataTableViewCell.xib"; sourceTree = "<group>"; };
		FFEA07E523193B7B00CDED76 /* KanjiDetailViewController.swift */ = {isa = PBXFileReference; fileEncoding = 4; lastKnownFileType = sourcecode.swift; name = KanjiDetailViewController.swift; path = "../../../../../Downloads/KanjiList-Materials/KanjiList-Starter/KanjiList/Screens/KanjiDetails/KanjiDetailViewController.swift"; sourceTree = "<group>"; };
		FFEA07E823193BA200CDED76 /* KanjiListViewController.swift */ = {isa = PBXFileReference; fileEncoding = 4; lastKnownFileType = sourcecode.swift; name = KanjiListViewController.swift; path = "../../../../../Downloads/KanjiList-Materials/KanjiList-Starter/KanjiList/Screens/KanjiList/KanjiListViewController.swift"; sourceTree = "<group>"; };
		FFEA07EA231944B500CDED76 /* Coordinator.swift */ = {isa = PBXFileReference; lastKnownFileType = sourcecode.swift; path = Coordinator.swift; sourceTree = "<group>"; };
		FFEA07ED2319451500CDED76 /* KanjiDetailViewController.xib */ = {isa = PBXFileReference; fileEncoding = 4; lastKnownFileType = file.xib; name = KanjiDetailViewController.xib; path = "../../../../../../Downloads/KanjiList-xibs/KanjiDetailViewController.xib"; sourceTree = "<group>"; };
		FFEA07EF2319451E00CDED76 /* KanjiListViewController.xib */ = {isa = PBXFileReference; fileEncoding = 4; lastKnownFileType = file.xib; name = KanjiListViewController.xib; path = "../../../../../Downloads/KanjiList-xibs/KanjiListViewController.xib"; sourceTree = "<group>"; };
		FFEA07F12319454300CDED76 /* ApplicationCoordinator.swift */ = {isa = PBXFileReference; lastKnownFileType = sourcecode.swift; path = ApplicationCoordinator.swift; sourceTree = "<group>"; };
/* End PBXFileReference section */

/* Begin PBXFrameworksBuildPhase section */
		FFE147472319161D00674234 /* Frameworks */ = {
			isa = PBXFrameworksBuildPhase;
			buildActionMask = 2147483647;
			files = (
			);
			runOnlyForDeploymentPostprocessing = 0;
		};
/* End PBXFrameworksBuildPhase section */

/* Begin PBXGroup section */
		FFE147412319161D00674234 = {
			isa = PBXGroup;
			children = (
				FFE1474C2319161D00674234 /* KanjiApp */,
				FFE1474B2319161D00674234 /* Products */,
			);
			sourceTree = "<group>";
		};
		FFE1474B2319161D00674234 /* Products */ = {
			isa = PBXGroup;
			children = (
				FFE1474A2319161D00674234 /* KanjiApp.app */,
			);
			name = Products;
			sourceTree = "<group>";
		};
		FFE1474C2319161D00674234 /* KanjiApp */ = {
			isa = PBXGroup;
			children = (
				FFEA07EC231944BA00CDED76 /* Coordinator */,
				FFEA07D223193AF300CDED76 /* Scenes */,
				FFE14762231933EC00674234 /* Model */,
				FFE1475F231931CF00674234 /* Application */,
				FFEA07C92319366A00CDED76 /* Resources */,
				FFE1474F2319161D00674234 /* ViewController.swift */,
				FFE147542319162000674234 /* Assets.xcassets */,
				FFE147562319162000674234 /* LaunchScreen.storyboard */,
			);
			path = KanjiApp;
			sourceTree = "<group>";
		};
		FFE1475F231931CF00674234 /* Application */ = {
			isa = PBXGroup;
			children = (
				FFE1474D2319161D00674234 /* AppDelegate.swift */,
				FFE147592319162000674234 /* Info.plist */,
			);
			path = Application;
			sourceTree = "<group>";
		};
		FFE14762231933EC00674234 /* Model */ = {
			isa = PBXGroup;
			children = (
				FFEA07CA2319369B00CDED76 /* Kanji.swift */,
				FFEA07CC231936B300CDED76 /* KanjiStorage.swift */,
			);
			path = Model;
			sourceTree = "<group>";
		};
		FFEA07C92319366A00CDED76 /* Resources */ = {
			isa = PBXGroup;
			children = (
				FFEA07CE23193A8000CDED76 /* knji.json */,
			);
			path = Resources;
			sourceTree = "<group>";
		};
		FFEA07D223193AF300CDED76 /* Scenes */ = {
			isa = PBXGroup;
			children = (
				FFEA07E723193B8600CDED76 /* KanjiList */,
				FFEA07D323193B0000CDED76 /* KanjiDetails */,
			);
			path = Scenes;
			sourceTree = "<group>";
		};
		FFEA07D323193B0000CDED76 /* KanjiDetails */ = {
			isa = PBXGroup;
			children = (
				FFEA07D423193B0F00CDED76 /* Views */,
				FFEA07E523193B7B00CDED76 /* KanjiDetailViewController.swift */,
			);
			path = KanjiDetails;
			sourceTree = "<group>";
		};
		FFEA07D423193B0F00CDED76 /* Views */ = {
			isa = PBXGroup;
			children = (
				FFEA07ED2319451500CDED76 /* KanjiDetailViewController.xib */,
				FFEA07DE23193B5300CDED76 /* KanjiDataTableViewCell.swift */,
				FFEA07E023193B5300CDED76 /* KanjiDataTableViewCell.xib */,
				FFEA07DD23193B5300CDED76 /* WordExampleTableViewCell.swift */,
				FFEA07DF23193B5300CDED76 /* WordExampleTableViewCell.xib */,
			);
			path = Views;
			sourceTree = "<group>";
		};
		FFEA07E723193B8600CDED76 /* KanjiList */ = {
			isa = PBXGroup;
			children = (
				FFEA07E823193BA200CDED76 /* KanjiListViewController.swift */,
				FFEA07EF2319451E00CDED76 /* KanjiListViewController.xib */,
			);
			path = KanjiList;
			sourceTree = "<group>";
		};
		FFEA07EC231944BA00CDED76 /* Coordinator */ = {
			isa = PBXGroup;
			children = (
				FFEA07EA231944B500CDED76 /* Coordinator.swift */,
				FFEA07F12319454300CDED76 /* ApplicationCoordinator.swift */,
				FF64A121231947EA000CD472 /* AllKanjiListCoordinator.swift */,
				FF64A12323194C24000CD472 /* KanjiDetailCoordinator.swift */,
			);
			path = Coordinator;
			sourceTree = "<group>";
		};
/* End PBXGroup section */

/* Begin PBXNativeTarget section */
		FFE147492319161D00674234 /* KanjiApp */ = {
			isa = PBXNativeTarget;
			buildConfigurationList = FFE1475C2319162000674234 /* Build configuration list for PBXNativeTarget "KanjiApp" */;
			buildPhases = (
				FFE147462319161D00674234 /* Sources */,
				FFE147472319161D00674234 /* Frameworks */,
				FFE147482319161D00674234 /* Resources */,
			);
			buildRules = (
			);
			dependencies = (
			);
			name = KanjiApp;
			productName = KanjiApp;
			productReference = FFE1474A2319161D00674234 /* KanjiApp.app */;
			productType = "com.apple.product-type.application";
		};
/* End PBXNativeTarget section */

/* Begin PBXProject section */
		FFE147422319161D00674234 /* Project object */ = {
			isa = PBXProject;
			attributes = {
				LastSwiftUpdateCheck = 1030;
				LastUpgradeCheck = 1030;
				ORGANIZATIONNAME = "Natalia Kazakova";
				TargetAttributes = {
					FFE147492319161D00674234 = {
						CreatedOnToolsVersion = 10.3;
					};
				};
			};
			buildConfigurationList = FFE147452319161D00674234 /* Build configuration list for PBXProject "KanjiApp" */;
			compatibilityVersion = "Xcode 9.3";
			developmentRegion = en;
			hasScannedForEncodings = 0;
			knownRegions = (
				en,
				Base,
			);
			mainGroup = FFE147412319161D00674234;
			productRefGroup = FFE1474B2319161D00674234 /* Products */;
			projectDirPath = "";
			projectRoot = "";
			targets = (
				FFE147492319161D00674234 /* KanjiApp */,
			);
		};
/* End PBXProject section */

/* Begin PBXResourcesBuildPhase section */
		FFE147482319161D00674234 /* Resources */ = {
			isa = PBXResourcesBuildPhase;
			buildActionMask = 2147483647;
			files = (
				FFEA07E423193B5300CDED76 /* KanjiDataTableViewCell.xib in Resources */,
				FFE147582319162000674234 /* LaunchScreen.storyboard in Resources */,
				FFEA07CF23193A8000CDED76 /* knji.json in Resources */,
				FFEA07E323193B5300CDED76 /* WordExampleTableViewCell.xib in Resources */,
				FFEA07F02319451E00CDED76 /* KanjiListViewController.xib in Resources */,
				FFE147552319162000674234 /* Assets.xcassets in Resources */,
				FFEA07EE2319451500CDED76 /* KanjiDetailViewController.xib in Resources */,
			);
			runOnlyForDeploymentPostprocessing = 0;
		};
/* End PBXResourcesBuildPhase section */

/* Begin PBXSourcesBuildPhase section */
		FFE147462319161D00674234 /* Sources */ = {
			isa = PBXSourcesBuildPhase;
			buildActionMask = 2147483647;
			files = (
				FFEA07E923193BA200CDED76 /* KanjiListViewController.swift in Sources */,
				FFE147502319161D00674234 /* ViewController.swift in Sources */,
				FFE1474E2319161D00674234 /* AppDelegate.swift in Sources */,
				FFEA07E123193B5300CDED76 /* WordExampleTableViewCell.swift in Sources */,
				FFEA07E223193B5300CDED76 /* KanjiDataTableViewCell.swift in Sources */,
				FFEA07F22319454300CDED76 /* ApplicationCoordinator.swift in Sources */,
				FFEA07E623193B7B00CDED76 /* KanjiDetailViewController.swift in Sources */,
				FF64A12423194C24000CD472 /* KanjiDetailCoordinator.swift in Sources */,
				FF64A122231947EA000CD472 /* AllKanjiListCoordinator.swift in Sources */,
				FFEA07CB2319369B00CDED76 /* Kanji.swift in Sources */,
				FFEA07CD231936B300CDED76 /* KanjiStorage.swift in Sources */,
				FFEA07EB231944B500CDED76 /* Coordinator.swift in Sources */,
			);
			runOnlyForDeploymentPostprocessing = 0;
		};
/* End PBXSourcesBuildPhase section */

/* Begin PBXVariantGroup section */
		FFE147562319162000674234 /* LaunchScreen.storyboard */ = {
			isa = PBXVariantGroup;
			children = (
				FFE147572319162000674234 /* Base */,
			);
			name = LaunchScreen.storyboard;
			sourceTree = "<group>";
		};
/* End PBXVariantGroup section */

/* Begin XCBuildConfiguration section */
		FFE1475A2319162000674234 /* Debug */ = {
			isa = XCBuildConfiguration;
			buildSettings = {
				ALWAYS_SEARCH_USER_PATHS = NO;
				CLANG_ANALYZER_NONNULL = YES;
				CLANG_ANALYZER_NUMBER_OBJECT_CONVERSION = YES_AGGRESSIVE;
				CLANG_CXX_LANGUAGE_STANDARD = "gnu++14";
				CLANG_CXX_LIBRARY = "libc++";
				CLANG_ENABLE_MODULES = YES;
				CLANG_ENABLE_OBJC_ARC = YES;
				CLANG_ENABLE_OBJC_WEAK = YES;
				CLANG_WARN_BLOCK_CAPTURE_AUTORELEASING = YES;
				CLANG_WARN_BOOL_CONVERSION = YES;
				CLANG_WARN_COMMA = YES;
				CLANG_WARN_CONSTANT_CONVERSION = YES;
				CLANG_WARN_DEPRECATED_OBJC_IMPLEMENTATIONS = YES;
				CLANG_WARN_DIRECT_OBJC_ISA_USAGE = YES_ERROR;
				CLANG_WARN_DOCUMENTATION_COMMENTS = YES;
				CLANG_WARN_EMPTY_BODY = YES;
				CLANG_WARN_ENUM_CONVERSION = YES;
				CLANG_WARN_INFINITE_RECURSION = YES;
				CLANG_WARN_INT_CONVERSION = YES;
				CLANG_WARN_NON_LITERAL_NULL_CONVERSION = YES;
				CLANG_WARN_OBJC_IMPLICIT_RETAIN_SELF = YES;
				CLANG_WARN_OBJC_LITERAL_CONVERSION = YES;
				CLANG_WARN_OBJC_ROOT_CLASS = YES_ERROR;
				CLANG_WARN_RANGE_LOOP_ANALYSIS = YES;
				CLANG_WARN_STRICT_PROTOTYPES = YES;
				CLANG_WARN_SUSPICIOUS_MOVE = YES;
				CLANG_WARN_UNGUARDED_AVAILABILITY = YES_AGGRESSIVE;
				CLANG_WARN_UNREACHABLE_CODE = YES;
				CLANG_WARN__DUPLICATE_METHOD_MATCH = YES;
				CODE_SIGN_IDENTITY = "iPhone Developer";
				COPY_PHASE_STRIP = NO;
				DEBUG_INFORMATION_FORMAT = dwarf;
				ENABLE_STRICT_OBJC_MSGSEND = YES;
				ENABLE_TESTABILITY = YES;
				GCC_C_LANGUAGE_STANDARD = gnu11;
				GCC_DYNAMIC_NO_PIC = NO;
				GCC_NO_COMMON_BLOCKS = YES;
				GCC_OPTIMIZATION_LEVEL = 0;
				GCC_PREPROCESSOR_DEFINITIONS = (
					"DEBUG=1",
					"$(inherited)",
				);
				GCC_WARN_64_TO_32_BIT_CONVERSION = YES;
				GCC_WARN_ABOUT_RETURN_TYPE = YES_ERROR;
				GCC_WARN_UNDECLARED_SELECTOR = YES;
				GCC_WARN_UNINITIALIZED_AUTOS = YES_AGGRESSIVE;
				GCC_WARN_UNUSED_FUNCTION = YES;
				GCC_WARN_UNUSED_VARIABLE = YES;
				IPHONEOS_DEPLOYMENT_TARGET = 12.4;
				MTL_ENABLE_DEBUG_INFO = INCLUDE_SOURCE;
				MTL_FAST_MATH = YES;
				ONLY_ACTIVE_ARCH = YES;
				SDKROOT = iphoneos;
				SWIFT_ACTIVE_COMPILATION_CONDITIONS = DEBUG;
				SWIFT_OPTIMIZATION_LEVEL = "-Onone";
			};
			name = Debug;
		};
		FFE1475B2319162000674234 /* Release */ = {
			isa = XCBuildConfiguration;
			buildSettings = {
				ALWAYS_SEARCH_USER_PATHS = NO;
				CLANG_ANALYZER_NONNULL = YES;
				CLANG_ANALYZER_NUMBER_OBJECT_CONVERSION = YES_AGGRESSIVE;
				CLANG_CXX_LANGUAGE_STANDARD = "gnu++14";
				CLANG_CXX_LIBRARY = "libc++";
				CLANG_ENABLE_MODULES = YES;
				CLANG_ENABLE_OBJC_ARC = YES;
				CLANG_ENABLE_OBJC_WEAK = YES;
				CLANG_WARN_BLOCK_CAPTURE_AUTORELEASING = YES;
				CLANG_WARN_BOOL_CONVERSION = YES;
				CLANG_WARN_COMMA = YES;
				CLANG_WARN_CONSTANT_CONVERSION = YES;
				CLANG_WARN_DEPRECATED_OBJC_IMPLEMENTATIONS = YES;
				CLANG_WARN_DIRECT_OBJC_ISA_USAGE = YES_ERROR;
				CLANG_WARN_DOCUMENTATION_COMMENTS = YES;
				CLANG_WARN_EMPTY_BODY = YES;
				CLANG_WARN_ENUM_CONVERSION = YES;
				CLANG_WARN_INFINITE_RECURSION = YES;
				CLANG_WARN_INT_CONVERSION = YES;
				CLANG_WARN_NON_LITERAL_NULL_CONVERSION = YES;
				CLANG_WARN_OBJC_IMPLICIT_RETAIN_SELF = YES;
				CLANG_WARN_OBJC_LITERAL_CONVERSION = YES;
				CLANG_WARN_OBJC_ROOT_CLASS = YES_ERROR;
				CLANG_WARN_RANGE_LOOP_ANALYSIS = YES;
				CLANG_WARN_STRICT_PROTOTYPES = YES;
				CLANG_WARN_SUSPICIOUS_MOVE = YES;
				CLANG_WARN_UNGUARDED_AVAILABILITY = YES_AGGRESSIVE;
				CLANG_WARN_UNREACHABLE_CODE = YES;
				CLANG_WARN__DUPLICATE_METHOD_MATCH = YES;
				CODE_SIGN_IDENTITY = "iPhone Developer";
				COPY_PHASE_STRIP = NO;
				DEBUG_INFORMATION_FORMAT = "dwarf-with-dsym";
				ENABLE_NS_ASSERTIONS = NO;
				ENABLE_STRICT_OBJC_MSGSEND = YES;
				GCC_C_LANGUAGE_STANDARD = gnu11;
				GCC_NO_COMMON_BLOCKS = YES;
				GCC_WARN_64_TO_32_BIT_CONVERSION = YES;
				GCC_WARN_ABOUT_RETURN_TYPE = YES_ERROR;
				GCC_WARN_UNDECLARED_SELECTOR = YES;
				GCC_WARN_UNINITIALIZED_AUTOS = YES_AGGRESSIVE;
				GCC_WARN_UNUSED_FUNCTION = YES;
				GCC_WARN_UNUSED_VARIABLE = YES;
				IPHONEOS_DEPLOYMENT_TARGET = 12.4;
				MTL_ENABLE_DEBUG_INFO = NO;
				MTL_FAST_MATH = YES;
				SDKROOT = iphoneos;
				SWIFT_COMPILATION_MODE = wholemodule;
				SWIFT_OPTIMIZATION_LEVEL = "-O";
				VALIDATE_PRODUCT = YES;
			};
			name = Release;
		};
		FFE1475D2319162000674234 /* Debug */ = {
			isa = XCBuildConfiguration;
			buildSettings = {
				ASSETCATALOG_COMPILER_APPICON_NAME = AppIcon;
				CODE_SIGN_STYLE = Automatic;
				DEVELOPMENT_TEAM = DLVL4AD94D;
				INFOPLIST_FILE = "$(SRCROOT)/KanjiApp/Application/Info.plist";
				LD_RUNPATH_SEARCH_PATHS = (
					"$(inherited)",
					"@executable_path/Frameworks",
				);
				PRODUCT_BUNDLE_IDENTIFIER = ru.kazakovanet.KanjiApp;
				PRODUCT_NAME = "$(TARGET_NAME)";
				SWIFT_VERSION = 5.0;
				TARGETED_DEVICE_FAMILY = 1;
			};
			name = Debug;
		};
		FFE1475E2319162000674234 /* Release */ = {
			isa = XCBuildConfiguration;
			buildSettings = {
				ASSETCATALOG_COMPILER_APPICON_NAME = AppIcon;
				CODE_SIGN_STYLE = Automatic;
				DEVELOPMENT_TEAM = DLVL4AD94D;
				INFOPLIST_FILE = "$(SRCROOT)/KanjiApp/Application/Info.plist";
				LD_RUNPATH_SEARCH_PATHS = (
					"$(inherited)",
					"@executable_path/Frameworks",
				);
				PRODUCT_BUNDLE_IDENTIFIER = ru.kazakovanet.KanjiApp;
				PRODUCT_NAME = "$(TARGET_NAME)";
				SWIFT_VERSION = 5.0;
				TARGETED_DEVICE_FAMILY = 1;
			};
			name = Release;
		};
/* End XCBuildConfiguration section */

/* Begin XCConfigurationList section */
		FFE147452319161D00674234 /* Build configuration list for PBXProject "KanjiApp" */ = {
			isa = XCConfigurationList;
			buildConfigurations = (
				FFE1475A2319162000674234 /* Debug */,
				FFE1475B2319162000674234 /* Release */,
			);
			defaultConfigurationIsVisible = 0;
			defaultConfigurationName = Release;
		};
		FFE1475C2319162000674234 /* Build configuration list for PBXNativeTarget "KanjiApp" */ = {
			isa = XCConfigurationList;
			buildConfigurations = (
				FFE1475D2319162000674234 /* Debug */,
				FFE1475E2319162000674234 /* Release */,
			);
			defaultConfigurationIsVisible = 0;
			defaultConfigurationName = Release;
		};
/* End XCConfigurationList section */
	};
	rootObject = FFE147422319161D00674234 /* Project object */;
}
